
Microsoft Visual Studio Solution File, Format Version 12.00
# Visual Studio Version 17
VisualStudioVersion = 17.2.32516.85
MinimumVisualStudioVersion = 10.0.40219.1
Project("{FAE04EC0-301F-11D3-BF4B-00C04F79EFBC}") = "dscBot", "dscBot\dscBot.csproj", "{9B075635-EE98-420F-BCC1-28322867C996}"
EndProject
Global
	GlobalSection(SolutionConfigurationPlatforms) = preSolution
		Debug|Any CPU = Debug|Any CPU
		Release|Any CPU = Release|Any CPU
	EndGlobalSection
	GlobalSection(ProjectConfigurationPlatforms) = postSolution
		{9B075635-EE98-420F-BCC1-28322867C996}.Debug|Any CPU.ActiveCfg = Debug|Any CPU
		{9B075635-EE98-420F-BCC1-28322867C996}.Debug|Any CPU.Build.0 = Debug|Any CPU
		{9B075635-EE98-420F-BCC1-28322867C996}.Release|Any CPU.ActiveCfg = Release|Any CPU
		{9B075635-EE98-420F-BCC1-28322867C996}.Release|Any CPU.Build.0 = Release|Any CPU
	EndGlobalSection
	GlobalSection(SolutionProperties) = preSolution
		HideSolutionNode = FALSE
	EndGlobalSection
	GlobalSection(ExtensibilityGlobals) = postSolution
		SolutionGuid = {D753C50D-52E4-412C-85BF-E232E502032F}
	EndGlobalSection
EndGlobal
